
Microsoft Visual Studio Solution File, Format Version 12.00
# Visual Studio 15
VisualStudioVersion = 15.0.26730.15
MinimumVisualStudioVersion = 10.0.40219.1
Project("{FAE04EC0-301F-11D3-BF4B-00C04F79EFBC}") = "WebApplication1", "WebApplication1\WebApplication1.csproj", "{38AE023B-8402-4836-83FC-F620D0544693}"
EndProject
Project("{FAE04EC0-301F-11D3-BF4B-00C04F79EFBC}") = "BookApiXTests", "BookApiXTests\BookApiXTests.csproj", "{09A135A0-F825-4538-B9EE-19E9363BDD33}"
EndProject
Global
	GlobalSection(SolutionConfigurationPlatforms) = preSolution
		Debug|Any CPU = Debug|Any CPU
		Release|Any CPU = Release|Any CPU
	EndGlobalSection
	GlobalSection(ProjectConfigurationPlatforms) = postSolution
		{38AE023B-8402-4836-83FC-F620D0544693}.Debug|Any CPU.ActiveCfg = Debug|Any CPU
		{38AE023B-8402-4836-83FC-F620D0544693}.Debug|Any CPU.Build.0 = Debug|Any CPU
		{38AE023B-8402-4836-83FC-F620D0544693}.Release|Any CPU.ActiveCfg = Release|Any CPU
		{38AE023B-8402-4836-83FC-F620D0544693}.Release|Any CPU.Build.0 = Release|Any CPU
		{09A135A0-F825-4538-B9EE-19E9363BDD33}.Debug|Any CPU.ActiveCfg = Debug|Any CPU
		{09A135A0-F825-4538-B9EE-19E9363BDD33}.Debug|Any CPU.Build.0 = Debug|Any CPU
		{09A135A0-F825-4538-B9EE-19E9363BDD33}.Release|Any CPU.ActiveCfg = Release|Any CPU
		{09A135A0-F825-4538-B9EE-19E9363BDD33}.Release|Any CPU.Build.0 = Release|Any CPU
	EndGlobalSection
	GlobalSection(SolutionProperties) = preSolution
		HideSolutionNode = FALSE
	EndGlobalSection
	GlobalSection(ExtensibilityGlobals) = postSolution
		SolutionGuid = {28598BAB-E72E-43F3-B022-ADA6212985AB}
	EndGlobalSection
EndGlobal
